
Microsoft Visual Studio Solution File, Format Version 12.00
# Visual Studio 15
VisualStudioVersion = 15.0.28307.1340
MinimumVisualStudioVersion = 10.0.40219.1
Project("{FAE04EC0-301F-11D3-BF4B-00C04F79EFBC}") = "CustomerCommLib", "CustomerCommLib\CustomerCommLib.csproj", "{821244A5-BAA3-4DE9-AC4B-B4E658AE95ED}"
EndProject
Project("{FAE04EC0-301F-11D3-BF4B-00C04F79EFBC}") = "CustomerCommTests", "CustomerComm.Tests\CustomerCommTests.csproj", "{3D667810-7A9E-4556-8596-CF4ECEDF3AB9}"
EndProject
Global
	GlobalSection(SolutionConfigurationPlatforms) = preSolution
		Debug|Any CPU = Debug|Any CPU
		Release|Any CPU = Release|Any CPU
	EndGlobalSection
	GlobalSection(ProjectConfigurationPlatforms) = postSolution
		{821244A5-BAA3-4DE9-AC4B-B4E658AE95ED}.Debug|Any CPU.ActiveCfg = Debug|Any CPU
		{821244A5-BAA3-4DE9-AC4B-B4E658AE95ED}.Debug|Any CPU.Build.0 = Debug|Any CPU
		{821244A5-BAA3-4DE9-AC4B-B4E658AE95ED}.Release|Any CPU.ActiveCfg = Release|Any CPU
		{821244A5-BAA3-4DE9-AC4B-B4E658AE95ED}.Release|Any CPU.Build.0 = Release|Any CPU
		{3D667810-7A9E-4556-8596-CF4ECEDF3AB9}.Debug|Any CPU.ActiveCfg = Debug|Any CPU
		{3D667810-7A9E-4556-8596-CF4ECEDF3AB9}.Debug|Any CPU.Build.0 = Debug|Any CPU
		{3D667810-7A9E-4556-8596-CF4ECEDF3AB9}.Release|Any CPU.ActiveCfg = Release|Any CPU
		{3D667810-7A9E-4556-8596-CF4ECEDF3AB9}.Release|Any CPU.Build.0 = Release|Any CPU
	EndGlobalSection
	GlobalSection(SolutionProperties) = preSolution
		HideSolutionNode = FALSE
	EndGlobalSection
	GlobalSection(ExtensibilityGlobals) = postSolution
		SolutionGuid = {C3A59AD2-A1A0-4F3D-A757-8AD0DF26A9A0}
	EndGlobalSection
EndGlobal
