
Microsoft Visual Studio Solution File, Format Version 12.00
# Visual Studio Version 16
VisualStudioVersion = 16.0.31019.35
MinimumVisualStudioVersion = 10.0.40219.1
Project("{FAE04EC0-301F-11D3-BF4B-00C04F79EFBC}") = "CodeAnalysis", "CodeAnalysis\CodeAnalysis.csproj", "{632177AC-400F-4F1C-B195-22B7AFB31B97}"
EndProject
Global
	GlobalSection(SolutionConfigurationPlatforms) = preSolution
		Debug|Any CPU = Debug|Any CPU
		Release|Any CPU = Release|Any CPU
	EndGlobalSection
	GlobalSection(ProjectConfigurationPlatforms) = postSolution
		{632177AC-400F-4F1C-B195-22B7AFB31B97}.Debug|Any CPU.ActiveCfg = Debug|Any CPU
		{632177AC-400F-4F1C-B195-22B7AFB31B97}.Debug|Any CPU.Build.0 = Debug|Any CPU
		{632177AC-400F-4F1C-B195-22B7AFB31B97}.Release|Any CPU.ActiveCfg = Release|Any CPU
		{632177AC-400F-4F1C-B195-22B7AFB31B97}.Release|Any CPU.Build.0 = Release|Any CPU
	EndGlobalSection
	GlobalSection(SolutionProperties) = preSolution
		HideSolutionNode = FALSE
	EndGlobalSection
	GlobalSection(ExtensibilityGlobals) = postSolution
		SolutionGuid = {0562D35B-D314-4F0A-B13F-9E4000D56E58}
	EndGlobalSection
EndGlobal
