
Microsoft Visual Studio Solution File, Format Version 12.00
# Visual Studio Version 16
VisualStudioVersion = 16.0.31025.194
MinimumVisualStudioVersion = 10.0.40219.1
Project("{FAE04EC0-301F-11D3-BF4B-00C04F79EFBC}") = "GenericMedicine", "GenericMedicine\GenericMedicine.csproj", "{FC9B306D-2118-4DE5-92CC-E6F519B12748}"
EndProject
Project("{FAE04EC0-301F-11D3-BF4B-00C04F79EFBC}") = "MedicineTest", "MedicineTest\MedicineTest.csproj", "{C85F3F7C-F950-4DE6-8E6F-3E7DF66E9765}"
EndProject
Project("{FAE04EC0-301F-11D3-BF4B-00C04F79EFBC}") = "CartonDetailTest", "CartonDetailTest\CartonDetailTest.csproj", "{9DF95D3A-295A-4EBF-B117-B6F73DD5B395}"
EndProject
Global
	GlobalSection(SolutionConfigurationPlatforms) = preSolution
		Debug|Any CPU = Debug|Any CPU
		Release|Any CPU = Release|Any CPU
	EndGlobalSection
	GlobalSection(ProjectConfigurationPlatforms) = postSolution
		{FC9B306D-2118-4DE5-92CC-E6F519B12748}.Debug|Any CPU.ActiveCfg = Debug|Any CPU
		{FC9B306D-2118-4DE5-92CC-E6F519B12748}.Debug|Any CPU.Build.0 = Debug|Any CPU
		{FC9B306D-2118-4DE5-92CC-E6F519B12748}.Release|Any CPU.ActiveCfg = Release|Any CPU
		{FC9B306D-2118-4DE5-92CC-E6F519B12748}.Release|Any CPU.Build.0 = Release|Any CPU
		{C85F3F7C-F950-4DE6-8E6F-3E7DF66E9765}.Debug|Any CPU.ActiveCfg = Debug|Any CPU
		{C85F3F7C-F950-4DE6-8E6F-3E7DF66E9765}.Debug|Any CPU.Build.0 = Debug|Any CPU
		{C85F3F7C-F950-4DE6-8E6F-3E7DF66E9765}.Release|Any CPU.ActiveCfg = Release|Any CPU
		{C85F3F7C-F950-4DE6-8E6F-3E7DF66E9765}.Release|Any CPU.Build.0 = Release|Any CPU
		{9DF95D3A-295A-4EBF-B117-B6F73DD5B395}.Debug|Any CPU.ActiveCfg = Debug|Any CPU
		{9DF95D3A-295A-4EBF-B117-B6F73DD5B395}.Debug|Any CPU.Build.0 = Debug|Any CPU
		{9DF95D3A-295A-4EBF-B117-B6F73DD5B395}.Release|Any CPU.ActiveCfg = Release|Any CPU
		{9DF95D3A-295A-4EBF-B117-B6F73DD5B395}.Release|Any CPU.Build.0 = Release|Any CPU
	EndGlobalSection
	GlobalSection(SolutionProperties) = preSolution
		HideSolutionNode = FALSE
	EndGlobalSection
	GlobalSection(ExtensibilityGlobals) = postSolution
		SolutionGuid = {F9D9918E-096B-429D-ADBF-079663578444}
	EndGlobalSection
EndGlobal
