
Microsoft Visual Studio Solution File, Format Version 12.00
# Visual Studio Version 16
VisualStudioVersion = 16.0.31019.35
MinimumVisualStudioVersion = 10.0.40219.1
Project("{FAE04EC0-301F-11D3-BF4B-00C04F79EFBC}") = "Logging", "Logging\Logging.csproj", "{F6D73FE4-7F5B-4E76-A864-539158FAFB5C}"
EndProject
Global
	GlobalSection(SolutionConfigurationPlatforms) = preSolution
		Debug|Any CPU = Debug|Any CPU
		Release|Any CPU = Release|Any CPU
	EndGlobalSection
	GlobalSection(ProjectConfigurationPlatforms) = postSolution
		{F6D73FE4-7F5B-4E76-A864-539158FAFB5C}.Debug|Any CPU.ActiveCfg = Debug|Any CPU
		{F6D73FE4-7F5B-4E76-A864-539158FAFB5C}.Debug|Any CPU.Build.0 = Debug|Any CPU
		{F6D73FE4-7F5B-4E76-A864-539158FAFB5C}.Release|Any CPU.ActiveCfg = Release|Any CPU
		{F6D73FE4-7F5B-4E76-A864-539158FAFB5C}.Release|Any CPU.Build.0 = Release|Any CPU
	EndGlobalSection
	GlobalSection(SolutionProperties) = preSolution
		HideSolutionNode = FALSE
	EndGlobalSection
	GlobalSection(ExtensibilityGlobals) = postSolution
		SolutionGuid = {50251BED-9B85-479D-920F-5E648345BA99}
	EndGlobalSection
EndGlobal
