
Microsoft Visual Studio Solution File, Format Version 12.00
# Visual Studio Version 16
VisualStudioVersion = 16.0.31019.35
MinimumVisualStudioVersion = 10.0.40219.1
Project("{FAE04EC0-301F-11D3-BF4B-00C04F79EFBC}") = "MyFoodSupply", "MyFoodSupply\MyFoodSupply.csproj", "{53CC6B87-84E3-4CB6-87BC-3DDCAD59E6FB}"
EndProject
Project("{FAE04EC0-301F-11D3-BF4B-00C04F79EFBC}") = "FoodDetailsTest", "FoodDetailsTest\FoodDetailsTest.csproj", "{7E219C00-3928-4122-A6A8-B49C85F3D3E7}"
EndProject
Project("{FAE04EC0-301F-11D3-BF4B-00C04F79EFBC}") = "SupplyDetailTest", "SupplyDetailTest\SupplyDetailTest.csproj", "{E18716CC-7C1A-4058-A5DE-0099D85D26E0}"
EndProject
Global
	GlobalSection(SolutionConfigurationPlatforms) = preSolution
		Debug|Any CPU = Debug|Any CPU
		Release|Any CPU = Release|Any CPU
	EndGlobalSection
	GlobalSection(ProjectConfigurationPlatforms) = postSolution
		{53CC6B87-84E3-4CB6-87BC-3DDCAD59E6FB}.Debug|Any CPU.ActiveCfg = Debug|Any CPU
		{53CC6B87-84E3-4CB6-87BC-3DDCAD59E6FB}.Debug|Any CPU.Build.0 = Debug|Any CPU
		{53CC6B87-84E3-4CB6-87BC-3DDCAD59E6FB}.Release|Any CPU.ActiveCfg = Release|Any CPU
		{53CC6B87-84E3-4CB6-87BC-3DDCAD59E6FB}.Release|Any CPU.Build.0 = Release|Any CPU
		{7E219C00-3928-4122-A6A8-B49C85F3D3E7}.Debug|Any CPU.ActiveCfg = Debug|Any CPU
		{7E219C00-3928-4122-A6A8-B49C85F3D3E7}.Debug|Any CPU.Build.0 = Debug|Any CPU
		{7E219C00-3928-4122-A6A8-B49C85F3D3E7}.Release|Any CPU.ActiveCfg = Release|Any CPU
		{7E219C00-3928-4122-A6A8-B49C85F3D3E7}.Release|Any CPU.Build.0 = Release|Any CPU
		{E18716CC-7C1A-4058-A5DE-0099D85D26E0}.Debug|Any CPU.ActiveCfg = Debug|Any CPU
		{E18716CC-7C1A-4058-A5DE-0099D85D26E0}.Debug|Any CPU.Build.0 = Debug|Any CPU
		{E18716CC-7C1A-4058-A5DE-0099D85D26E0}.Release|Any CPU.ActiveCfg = Release|Any CPU
		{E18716CC-7C1A-4058-A5DE-0099D85D26E0}.Release|Any CPU.Build.0 = Release|Any CPU
	EndGlobalSection
	GlobalSection(SolutionProperties) = preSolution
		HideSolutionNode = FALSE
	EndGlobalSection
	GlobalSection(ExtensibilityGlobals) = postSolution
		SolutionGuid = {54C9181F-3AC9-4ACC-8FE9-4D945A58EACA}
	EndGlobalSection
EndGlobal
