
Microsoft Visual Studio Solution File, Format Version 12.00
# Visual Studio Version 16
VisualStudioVersion = 16.0.31019.35
MinimumVisualStudioVersion = 10.0.40219.1
Project("{9A19103F-16F7-4668-BE54-9A1E7A4F7556}") = "Asp mvc", "Asp mvc.csproj", "{B95712C6-61C5-4826-ACF7-BCA8E8D71906}"
EndProject
Global
	GlobalSection(SolutionConfigurationPlatforms) = preSolution
		Debug|Any CPU = Debug|Any CPU
		Release|Any CPU = Release|Any CPU
	EndGlobalSection
	GlobalSection(ProjectConfigurationPlatforms) = postSolution
		{B95712C6-61C5-4826-ACF7-BCA8E8D71906}.Debug|Any CPU.ActiveCfg = Debug|Any CPU
		{B95712C6-61C5-4826-ACF7-BCA8E8D71906}.Debug|Any CPU.Build.0 = Debug|Any CPU
		{B95712C6-61C5-4826-ACF7-BCA8E8D71906}.Release|Any CPU.ActiveCfg = Release|Any CPU
		{B95712C6-61C5-4826-ACF7-BCA8E8D71906}.Release|Any CPU.Build.0 = Release|Any CPU
	EndGlobalSection
	GlobalSection(SolutionProperties) = preSolution
		HideSolutionNode = FALSE
	EndGlobalSection
	GlobalSection(ExtensibilityGlobals) = postSolution
		SolutionGuid = {78DB841D-1C81-4E15-9FA9-EB7A558AD4C5}
	EndGlobalSection
EndGlobal
